// !$*UTF8*$!
{
	archiveVersion = 1;
	classes = {
	};
	objectVersion = 46;
	objects = {

/* Begin PBXBuildFile section */
		47EE3CB911E8C6B600DB2AE7 /* ViewController.m in Sources */ = {isa = PBXBuildFile; fileRef = 47EE3CB711E8C6B600DB2AE7 /* ViewController.m */; };
		47EE3CBA11E8C6B600DB2AE7 /* ViewController.xib in Resources */ = {isa = PBXBuildFile; fileRef = 47EE3CB811E8C6B600DB2AE7 /* ViewController.xib */; };
		5F1498DC15AC79160051B8EE /* UIKit.framework in Frameworks */ = {isa = PBXBuildFile; fileRef = 5F1498DB15AC79160051B8EE /* UIKit.framework */; };
		5F1498DE15AC79160051B8EE /* Foundation.framework in Frameworks */ = {isa = PBXBuildFile; fileRef = 5F1498DD15AC79160051B8EE /* Foundation.framework */; };
		5F1498E015AC79160051B8EE /* CoreGraphics.framework in Frameworks */ = {isa = PBXBuildFile; fileRef = 5F1498DF15AC79160051B8EE /* CoreGraphics.framework */; };
		5F1498E215AC79160051B8EE /* CoreData.framework in Frameworks */ = {isa = PBXBuildFile; fileRef = 5F1498E115AC79160051B8EE /* CoreData.framework */; };
		5F1498E815AC79160051B8EE /* InfoPlist.strings in Resources */ = {isa = PBXBuildFile; fileRef = 5F1498E615AC79160051B8EE /* InfoPlist.strings */; };
		5F1498EA15AC79160051B8EE /* main.m in Sources */ = {isa = PBXBuildFile; fileRef = 5F1498E915AC79160051B8EE /* main.m */; };
		5F1498EE15AC79160051B8EE /* AppDelegate.m in Sources */ = {isa = PBXBuildFile; fileRef = 5F1498ED15AC79160051B8EE /* AppDelegate.m */; };
		5F1498F115AC79160051B8EE /* Ex.xcdatamodeld in Sources */ = {isa = PBXBuildFile; fileRef = 5F1498EF15AC79160051B8EE /* Ex.xcdatamodeld */; };
		5F14990515AC80890051B8EE /* MainViewCtrl.m in Sources */ = {isa = PBXBuildFile; fileRef = 5F14990415AC80890051B8EE /* MainViewCtrl.m */; };
/* End PBXBuildFile section */

/* Begin PBXFileReference section */
		47EE3CB611E8C6B600DB2AE7 /* ViewController.h */ = {isa = PBXFileReference; fileEncoding = 4; lastKnownFileType = sourcecode.c.h; path = ViewController.h; sourceTree = "<group>"; };
		47EE3CB711E8C6B600DB2AE7 /* ViewController.m */ = {isa = PBXFileReference; fileEncoding = 4; lastKnownFileType = sourcecode.c.objc; path = ViewController.m; sourceTree = "<group>"; };
		47EE3CB811E8C6B600DB2AE7 /* ViewController.xib */ = {isa = PBXFileReference; fileEncoding = 4; lastKnownFileType = file.xib; path = ViewController.xib; sourceTree = "<group>"; };
		5F1498D715AC79160051B8EE /* Ex.app */ = {isa = PBXFileReference; explicitFileType = wrapper.application; includeInIndex = 0; path = Ex.app; sourceTree = BUILT_PRODUCTS_DIR; };
		5F1498DB15AC79160051B8EE /* UIKit.framework */ = {isa = PBXFileReference; lastKnownFileType = wrapper.framework; name = UIKit.framework; path = System/Library/Frameworks/UIKit.framework; sourceTree = SDKROOT; };
		5F1498DD15AC79160051B8EE /* Foundation.framework */ = {isa = PBXFileReference; lastKnownFileType = wrapper.framework; name = Foundation.framework; path = System/Library/Frameworks/Foundation.framework; sourceTree = SDKROOT; };
		5F1498DF15AC79160051B8EE /* CoreGraphics.framework */ = {isa = PBXFileReference; lastKnownFileType = wrapper.framework; name = CoreGraphics.framework; path = System/Library/Frameworks/CoreGraphics.framework; sourceTree = SDKROOT; };
		5F1498E115AC79160051B8EE /* CoreData.framework */ = {isa = PBXFileReference; lastKnownFileType = wrapper.framework; name = CoreData.framework; path = System/Library/Frameworks/CoreData.framework; sourceTree = SDKROOT; };
		5F1498E515AC79160051B8EE /* Ex-Info.plist */ = {isa = PBXFileReference; lastKnownFileType = text.plist.xml; path = "Ex-Info.plist"; sourceTree = "<group>"; };
		5F1498E715AC79160051B8EE /* en */ = {isa = PBXFileReference; lastKnownFileType = text.plist.strings; name = en; path = en.lproj/InfoPlist.strings; sourceTree = "<group>"; };
		5F1498E915AC79160051B8EE /* main.m */ = {isa = PBXFileReference; lastKnownFileType = sourcecode.c.objc; path = main.m; sourceTree = "<group>"; };
		5F1498EB15AC79160051B8EE /* Ex-Prefix.pch */ = {isa = PBXFileReference; lastKnownFileType = sourcecode.c.h; path = "Ex-Prefix.pch"; sourceTree = "<group>"; };
		5F1498EC15AC79160051B8EE /* AppDelegate.h */ = {isa = PBXFileReference; lastKnownFileType = sourcecode.c.h; path = AppDelegate.h; sourceTree = "<group>"; };
		5F1498ED15AC79160051B8EE /* AppDelegate.m */ = {isa = PBXFileReference; lastKnownFileType = sourcecode.c.objc; path = AppDelegate.m; sourceTree = "<group>"; };
		5F1498F015AC79160051B8EE /* Ex.xcdatamodel */ = {isa = PBXFileReference; lastKnownFileType = wrapper.xcdatamodel; path = Ex.xcdatamodel; sourceTree = "<group>"; };
		5F14990315AC80890051B8EE /* MainViewCtrl.h */ = {isa = PBXFileReference; fileEncoding = 4; lastKnownFileType = sourcecode.c.h; path = MainViewCtrl.h; sourceTree = "<group>"; };
		5F14990415AC80890051B8EE /* MainViewCtrl.m */ = {isa = PBXFileReference; fileEncoding = 4; lastKnownFileType = sourcecode.c.objc; path = MainViewCtrl.m; sourceTree = "<group>"; };
/* End PBXFileReference section */

/* Begin PBXFrameworksBuildPhase section */
		5F1498D415AC79160051B8EE /* Frameworks */ = {
			isa = PBXFrameworksBuildPhase;
			buildActionMask = 2147483647;
			files = (
				5F1498DC15AC79160051B8EE /* UIKit.framework in Frameworks */,
				5F1498DE15AC79160051B8EE /* Foundation.framework in Frameworks */,
				5F1498E015AC79160051B8EE /* CoreGraphics.framework in Frameworks */,
				5F1498E215AC79160051B8EE /* CoreData.framework in Frameworks */,
			);
			runOnlyForDeploymentPostprocessing = 0;
		};
/* End PBXFrameworksBuildPhase section */

/* Begin PBXGroup section */
		5F1498CC15AC79160051B8EE = {
			isa = PBXGroup;
			children = (
				5F1498E315AC79160051B8EE /* Ex */,
				5F1498DA15AC79160051B8EE /* Frameworks */,
				5F1498D815AC79160051B8EE /* Products */,
			);
			sourceTree = "<group>";
		};
		5F1498D815AC79160051B8EE /* Products */ = {
			isa = PBXGroup;
			children = (
				5F1498D715AC79160051B8EE /* Ex.app */,
			);
			name = Products;
			sourceTree = "<group>";
		};
		5F1498DA15AC79160051B8EE /* Frameworks */ = {
			isa = PBXGroup;
			children = (
				5F1498DB15AC79160051B8EE /* UIKit.framework */,
				5F1498DD15AC79160051B8EE /* Foundation.framework */,
				5F1498DF15AC79160051B8EE /* CoreGraphics.framework */,
				5F1498E115AC79160051B8EE /* CoreData.framework */,
			);
			name = Frameworks;
			sourceTree = "<group>";
		};
		5F1498E315AC79160051B8EE /* Ex */ = {
			isa = PBXGroup;
			children = (
				5F1498EC15AC79160051B8EE /* AppDelegate.h */,
				5F1498ED15AC79160051B8EE /* AppDelegate.m */,
				5F1498EF15AC79160051B8EE /* Ex.xcdatamodeld */,
				5F1498E415AC79160051B8EE /* Supporting Files */,
				47EE3CB611E8C6B600DB2AE7 /* ViewController.h */,
				47EE3CB711E8C6B600DB2AE7 /* ViewController.m */,
				47EE3CB811E8C6B600DB2AE7 /* ViewController.xib */,
				5F14990315AC80890051B8EE /* MainViewCtrl.h */,
				5F14990415AC80890051B8EE /* MainViewCtrl.m */,
			);
			path = Ex;
			sourceTree = "<group>";
		};
		5F1498E415AC79160051B8EE /* Supporting Files */ = {
			isa = PBXGroup;
			children = (
				5F1498E515AC79160051B8EE /* Ex-Info.plist */,
				5F1498E615AC79160051B8EE /* InfoPlist.strings */,
				5F1498E915AC79160051B8EE /* main.m */,
				5F1498EB15AC79160051B8EE /* Ex-Prefix.pch */,
			);
			name = "Supporting Files";
			sourceTree = "<group>";
		};
/* End PBXGroup section */

/* Begin PBXNativeTarget section */
		5F1498D615AC79160051B8EE /* Ex */ = {
			isa = PBXNativeTarget;
			buildConfigurationList = 5F1498F415AC79160051B8EE /* Build configuration list for PBXNativeTarget "Ex" */;
			buildPhases = (
				5F1498D315AC79160051B8EE /* Sources */,
				5F1498D415AC79160051B8EE /* Frameworks */,
				5F1498D515AC79160051B8EE /* Resources */,
			);
			buildRules = (
			);
			dependencies = (
			);
			name = Ex;
			productName = Ex;
			productReference = 5F1498D715AC79160051B8EE /* Ex.app */;
			productType = "com.apple.product-type.application";
		};
/* End PBXNativeTarget section */

/* Begin PBXProject section */
		5F1498CE15AC79160051B8EE /* Project object */ = {
			isa = PBXProject;
			attributes = {
				LastUpgradeCheck = 0420;
			};
			buildConfigurationList = 5F1498D115AC79160051B8EE /* Build configuration list for PBXProject "Ex" */;
			compatibilityVersion = "Xcode 3.2";
			developmentRegion = English;
			hasScannedForEncodings = 0;
			knownRegions = (
				en,
			);
			mainGroup = 5F1498CC15AC79160051B8EE;
			productRefGroup = 5F1498D815AC79160051B8EE /* Products */;
			projectDirPath = "";
			projectRoot = "";
			targets = (
				5F1498D615AC79160051B8EE /* Ex */,
			);
		};
/* End PBXProject section */

/* Begin PBXResourcesBuildPhase section */
		5F1498D515AC79160051B8EE /* Resources */ = {
			isa = PBXResourcesBuildPhase;
			buildActionMask = 2147483647;
			files = (
				5F1498E815AC79160051B8EE /* InfoPlist.strings in Resources */,
				47EE3CBA11E8C6B600DB2AE7 /* ViewController.xib in Resources */,
			);
			runOnlyForDeploymentPostprocessing = 0;
		};
/* End PBXResourcesBuildPhase section */

/* Begin PBXSourcesBuildPhase section */
		5F1498D315AC79160051B8EE /* Sources */ = {
			isa = PBXSourcesBuildPhase;
			buildActionMask = 2147483647;
			files = (
				5F1498EA15AC79160051B8EE /* main.m in Sources */,
				5F1498EE15AC79160051B8EE /* AppDelegate.m in Sources */,
				5F1498F115AC79160051B8EE /* Ex.xcdatamodeld in Sources */,
				47EE3CB911E8C6B600DB2AE7 /* ViewController.m in Sources */,
				5F14990515AC80890051B8EE /* MainViewCtrl.m in Sources */,
			);
			runOnlyForDeploymentPostprocessing = 0;
		};
/* End PBXSourcesBuildPhase section */

/* Begin PBXVariantGroup section */
		5F1498E615AC79160051B8EE /* InfoPlist.strings */ = {
			isa = PBXVariantGroup;
			children = (
				5F1498E715AC79160051B8EE /* en */,
			);
			name = InfoPlist.strings;
			sourceTree = "<group>";
		};
/* End PBXVariantGroup section */

/* Begin XCBuildConfiguration section */
		5F1498F215AC79160051B8EE /* Debug */ = {
			isa = XCBuildConfiguration;
			buildSettings = {
				ALWAYS_SEARCH_USER_PATHS = NO;
				ARCHS = "$(ARCHS_STANDARD_32_BIT)";
				"CODE_SIGN_IDENTITY[sdk=iphoneos*]" = "iPhone Developer";
				COPY_PHASE_STRIP = NO;
				GCC_C_LANGUAGE_STANDARD = gnu99;
				GCC_DYNAMIC_NO_PIC = NO;
				GCC_OPTIMIZATION_LEVEL = 0;
				GCC_PREPROCESSOR_DEFINITIONS = (
					"DEBUG=1",
					"$(inherited)",
				);
				GCC_SYMBOLS_PRIVATE_EXTERN = NO;
				GCC_VERSION = com.apple.compilers.llvm.clang.1_0;
				GCC_WARN_ABOUT_MISSING_PROTOTYPES = YES;
				GCC_WARN_ABOUT_RETURN_TYPE = YES;
				GCC_WARN_UNUSED_VARIABLE = YES;
				IPHONEOS_DEPLOYMENT_TARGET = 5.0;
				SDKROOT = iphoneos;
				TARGETED_DEVICE_FAMILY = "1,2";
			};
			name = Debug;
		};
		5F1498F315AC79160051B8EE /* Release */ = {
			isa = XCBuildConfiguration;
			buildSettings = {
				ALWAYS_SEARCH_USER_PATHS = NO;
				ARCHS = "$(ARCHS_STANDARD_32_BIT)";
				"CODE_SIGN_IDENTITY[sdk=iphoneos*]" = "iPhone Developer";
				COPY_PHASE_STRIP = YES;
				GCC_C_LANGUAGE_STANDARD = gnu99;
				GCC_VERSION = com.apple.compilers.llvm.clang.1_0;
				GCC_WARN_ABOUT_MISSING_PROTOTYPES = YES;
				GCC_WARN_ABOUT_RETURN_TYPE = YES;
				GCC_WARN_UNUSED_VARIABLE = YES;
				IPHONEOS_DEPLOYMENT_TARGET = 5.0;
				OTHER_CFLAGS = "-DNS_BLOCK_ASSERTIONS=1";
				SDKROOT = iphoneos;
				TARGETED_DEVICE_FAMILY = "1,2";
				VALIDATE_PRODUCT = YES;
			};
			name = Release;
		};
		5F1498F515AC79160051B8EE /* Debug */ = {
			isa = XCBuildConfiguration;
			buildSettings = {
				GCC_PRECOMPILE_PREFIX_HEADER = YES;
				GCC_PREFIX_HEADER = "Ex/Ex-Prefix.pch";
				INFOPLIST_FILE = "Ex/Ex-Info.plist";
				PRODUCT_NAME = "$(TARGET_NAME)";
				WRAPPER_EXTENSION = app;
			};
			name = Debug;
		};
		5F1498F615AC79160051B8EE /* Release */ = {
			isa = XCBuildConfiguration;
			buildSettings = {
				GCC_PRECOMPILE_PREFIX_HEADER = YES;
				GCC_PREFIX_HEADER = "Ex/Ex-Prefix.pch";
				INFOPLIST_FILE = "Ex/Ex-Info.plist";
				PRODUCT_NAME = "$(TARGET_NAME)";
				WRAPPER_EXTENSION = app;
			};
			name = Release;
		};
/* End XCBuildConfiguration section */

/* Begin XCConfigurationList section */
		5F1498D115AC79160051B8EE /* Build configuration list for PBXProject "Ex" */ = {
			isa = XCConfigurationList;
			buildConfigurations = (
				5F1498F215AC79160051B8EE /* Debug */,
				5F1498F315AC79160051B8EE /* Release */,
			);
			defaultConfigurationIsVisible = 0;
			defaultConfigurationName = Release;
		};
		5F1498F415AC79160051B8EE /* Build configuration list for PBXNativeTarget "Ex" */ = {
			isa = XCConfigurationList;
			buildConfigurations = (
				5F1498F515AC79160051B8EE /* Debug */,
				5F1498F615AC79160051B8EE /* Release */,
			);
			defaultConfigurationIsVisible = 0;
			defaultConfigurationName = Release;
		};
/* End XCConfigurationList section */

/* Begin XCVersionGroup section */
		5F1498EF15AC79160051B8EE /* Ex.xcdatamodeld */ = {
			isa = XCVersionGroup;
			children = (
				5F1498F015AC79160051B8EE /* Ex.xcdatamodel */,
			);
			currentVersion = 5F1498F015AC79160051B8EE /* Ex.xcdatamodel */;
			path = Ex.xcdatamodeld;
			sourceTree = "<group>";
			versionGroupType = wrapper.xcdatamodel;
		};
/* End XCVersionGroup section */
	};
	rootObject = 5F1498CE15AC79160051B8EE /* Project object */;
}
