// !$*UTF8*$!
{
	archiveVersion = 1;
	classes = {
	};
	objectVersion = 46;
	objects = {

/* Begin PBXBuildFile section */
		47FE901815AE715D006D0D99 /* ProductDetail.m in Sources */ = {isa = PBXBuildFile; fileRef = 47FE901715AE715D006D0D99 /* ProductDetail.m */; };
		5F0BA7E115ADAE5800993239 /* UIKit.framework in Frameworks */ = {isa = PBXBuildFile; fileRef = 5F0BA7E015ADAE5800993239 /* UIKit.framework */; };
		5F0BA7E315ADAE5800993239 /* Foundation.framework in Frameworks */ = {isa = PBXBuildFile; fileRef = 5F0BA7E215ADAE5800993239 /* Foundation.framework */; };
		5F0BA7E515ADAE5800993239 /* CoreGraphics.framework in Frameworks */ = {isa = PBXBuildFile; fileRef = 5F0BA7E415ADAE5800993239 /* CoreGraphics.framework */; };
		5F0BA7E715ADAE5800993239 /* CoreData.framework in Frameworks */ = {isa = PBXBuildFile; fileRef = 5F0BA7E615ADAE5800993239 /* CoreData.framework */; };
		5F0BA7ED15ADAE5800993239 /* InfoPlist.strings in Resources */ = {isa = PBXBuildFile; fileRef = 5F0BA7EB15ADAE5800993239 /* InfoPlist.strings */; };
		5F0BA7EF15ADAE5800993239 /* main.m in Sources */ = {isa = PBXBuildFile; fileRef = 5F0BA7EE15ADAE5800993239 /* main.m */; };
		5F0BA7F315ADAE5800993239 /* AppDelegate.m in Sources */ = {isa = PBXBuildFile; fileRef = 5F0BA7F215ADAE5800993239 /* AppDelegate.m */; };
		5F0BA7F615ADAE5800993239 /* Me2U.xcdatamodeld in Sources */ = {isa = PBXBuildFile; fileRef = 5F0BA7F415ADAE5800993239 /* Me2U.xcdatamodeld */; };
		5F0BA80A15ADB25900993239 /* splash.png in Resources */ = {isa = PBXBuildFile; fileRef = 5F0BA80815ADB25900993239 /* splash.png */; };
		5F0BA80B15ADB25900993239 /* splash@2x.png in Resources */ = {isa = PBXBuildFile; fileRef = 5F0BA80915ADB25900993239 /* splash@2x.png */; };
		5F0BA80F15ADB31000993239 /* SplashScreenCtrl.m in Sources */ = {isa = PBXBuildFile; fileRef = 5F0BA80D15ADB31000993239 /* SplashScreenCtrl.m */; };
		5F0BA81015ADB31000993239 /* SplashScreenCtrl.xib in Resources */ = {isa = PBXBuildFile; fileRef = 5F0BA80E15ADB31000993239 /* SplashScreenCtrl.xib */; };
		5F0BA81715ADB99600993239 /* homeBkg.png in Resources */ = {isa = PBXBuildFile; fileRef = 5F0BA81515ADB99600993239 /* homeBkg.png */; };
		5F0BA81815ADB99600993239 /* homeBkg@2x.png in Resources */ = {isa = PBXBuildFile; fileRef = 5F0BA81615ADB99600993239 /* homeBkg@2x.png */; };
		5F0BA81D15ADB9B400993239 /* HomeScreenCtrl.m in Sources */ = {isa = PBXBuildFile; fileRef = 5F0BA81B15ADB9B400993239 /* HomeScreenCtrl.m */; };
		5F0BA81E15ADB9B400993239 /* HomeScreenCtrl.xib in Resources */ = {isa = PBXBuildFile; fileRef = 5F0BA81C15ADB9B400993239 /* HomeScreenCtrl.xib */; };
		5F0BA82115ADBC1C00993239 /* homeLogo.png in Resources */ = {isa = PBXBuildFile; fileRef = 5F0BA81F15ADBC1C00993239 /* homeLogo.png */; };
		5F0BA82215ADBC1C00993239 /* homeLogo@2x.png in Resources */ = {isa = PBXBuildFile; fileRef = 5F0BA82015ADBC1C00993239 /* homeLogo@2x.png */; };
		5F0BA82515ADBF6A00993239 /* categoryBounder.png in Resources */ = {isa = PBXBuildFile; fileRef = 5F0BA82315ADBF6A00993239 /* categoryBounder.png */; };
		5F0BA82615ADBF6A00993239 /* categoryBounder@2x.png in Resources */ = {isa = PBXBuildFile; fileRef = 5F0BA82415ADBF6A00993239 /* categoryBounder@2x.png */; };
		5F0BA82915ADC24900993239 /* buttonBounder.png in Resources */ = {isa = PBXBuildFile; fileRef = 5F0BA82715ADC24900993239 /* buttonBounder.png */; };
		5F0BA82A15ADC24900993239 /* buttonBounder@2x.png in Resources */ = {isa = PBXBuildFile; fileRef = 5F0BA82815ADC24900993239 /* buttonBounder@2x.png */; };
		5F0BA82D15ADC86B00993239 /* clickOnCategory.png in Resources */ = {isa = PBXBuildFile; fileRef = 5F0BA82B15ADC86B00993239 /* clickOnCategory.png */; };
		5F0BA82E15ADC86B00993239 /* clickOnCategory@2x.png in Resources */ = {isa = PBXBuildFile; fileRef = 5F0BA82C15ADC86B00993239 /* clickOnCategory@2x.png */; };
		5F0BA83515ADCC5400993239 /* giftTypeTxt.png in Resources */ = {isa = PBXBuildFile; fileRef = 5F0BA82F15ADCC5300993239 /* giftTypeTxt.png */; };
		5F0BA83615ADCC5400993239 /* giftTypeTxt@2x.png in Resources */ = {isa = PBXBuildFile; fileRef = 5F0BA83015ADCC5300993239 /* giftTypeTxt@2x.png */; };
		5F0BA83715ADCC5400993239 /* priceRangeTxt.png in Resources */ = {isa = PBXBuildFile; fileRef = 5F0BA83115ADCC5400993239 /* priceRangeTxt.png */; };
		5F0BA83815ADCC5400993239 /* priceRangeTxt@2x.png in Resources */ = {isa = PBXBuildFile; fileRef = 5F0BA83215ADCC5400993239 /* priceRangeTxt@2x.png */; };
		5F0BA83915ADCC5400993239 /* storeTxt.png in Resources */ = {isa = PBXBuildFile; fileRef = 5F0BA83315ADCC5400993239 /* storeTxt.png */; };
		5F0BA83A15ADCC5400993239 /* storeTxt@2x.png in Resources */ = {isa = PBXBuildFile; fileRef = 5F0BA83415ADCC5400993239 /* storeTxt@2x.png */; };
		5F0BA83F15ADE44A00993239 /* StoreScreenCtrl.m in Sources */ = {isa = PBXBuildFile; fileRef = 5F0BA83D15ADE44A00993239 /* StoreScreenCtrl.m */; };
		5F0BA84015ADE44A00993239 /* StoreScreenCtrl.xib in Resources */ = {isa = PBXBuildFile; fileRef = 5F0BA83E15ADE44A00993239 /* StoreScreenCtrl.xib */; };
		5F0BA84B15ADECF600993239 /* cart.png in Resources */ = {isa = PBXBuildFile; fileRef = 5F0BA84715ADECF200993239 /* cart.png */; };
		5F0BA84C15ADECF600993239 /* cart@2x.png in Resources */ = {isa = PBXBuildFile; fileRef = 5F0BA84815ADECF300993239 /* cart@2x.png */; };
		5F0BA84D15ADECF600993239 /* shopping.png in Resources */ = {isa = PBXBuildFile; fileRef = 5F0BA84915ADECF400993239 /* shopping.png */; };
		5F0BA84E15ADECF600993239 /* shopping@2x.png in Resources */ = {isa = PBXBuildFile; fileRef = 5F0BA84A15ADECF500993239 /* shopping@2x.png */; };
		5F0BA85015ADEE4900993239 /* comingSoon.png in Resources */ = {isa = PBXBuildFile; fileRef = 5F0BA84F15ADEE4900993239 /* comingSoon.png */; };
		5F0BA85515ADF0C200993239 /* ComingSoon.m in Sources */ = {isa = PBXBuildFile; fileRef = 5F0BA85315ADF0C200993239 /* ComingSoon.m */; };
		5F0BA85615ADF0C200993239 /* ComingSoon.xib in Resources */ = {isa = PBXBuildFile; fileRef = 5F0BA85415ADF0C200993239 /* ComingSoon.xib */; };
		5F0BA85815AE00E200993239 /* StoreCell.xib in Resources */ = {isa = PBXBuildFile; fileRef = 5F0BA85715AE00E100993239 /* StoreCell.xib */; };
		5F0BA85B15AE048A00993239 /* StoreCell.m in Sources */ = {isa = PBXBuildFile; fileRef = 5F0BA85A15AE048A00993239 /* StoreCell.m */; };
		5F1CC54015AE74F600F00286 /* DataAccessProcess.m in Sources */ = {isa = PBXBuildFile; fileRef = 5F1CC53F15AE74F600F00286 /* DataAccessProcess.m */; };
		5F1CC54A15AE75FF00F00286 /* Global.mm in Sources */ = {isa = PBXBuildFile; fileRef = 5F1CC54915AE75FF00F00286 /* Global.mm */; };
		5F1CC55615AE7A2000F00286 /* StoreTableViewCtrl.m in Sources */ = {isa = PBXBuildFile; fileRef = 5F1CC55415AE7A2000F00286 /* StoreTableViewCtrl.m */; };
		5F1CC55715AE7A2000F00286 /* StoreTableViewCtrl.xib in Resources */ = {isa = PBXBuildFile; fileRef = 5F1CC55515AE7A2000F00286 /* StoreTableViewCtrl.xib */; };
		5F1CC55E15AE7FD400F00286 /* flower01.jpeg in Resources */ = {isa = PBXBuildFile; fileRef = 5F1CC55915AE7FD400F00286 /* flower01.jpeg */; };
		5F1CC55F15AE7FD400F00286 /* flower02.jpeg in Resources */ = {isa = PBXBuildFile; fileRef = 5F1CC55A15AE7FD400F00286 /* flower02.jpeg */; };
		5F1CC56015AE7FD400F00286 /* flower03.jpeg in Resources */ = {isa = PBXBuildFile; fileRef = 5F1CC55B15AE7FD400F00286 /* flower03.jpeg */; };
		5F1CC56115AE7FD400F00286 /* flower04.jpeg in Resources */ = {isa = PBXBuildFile; fileRef = 5F1CC55C15AE7FD400F00286 /* flower04.jpeg */; };
		5F1CC56215AE7FD400F00286 /* flower05.jpeg in Resources */ = {isa = PBXBuildFile; fileRef = 5F1CC55D15AE7FD400F00286 /* flower05.jpeg */; };
/* End PBXBuildFile section */

/* Begin PBXFileReference section */
		47FE901615AE715D006D0D99 /* ProductDetail.h */ = {isa = PBXFileReference; fileEncoding = 4; lastKnownFileType = sourcecode.c.h; name = ProductDetail.h; path = DataAccess/ProductDetail/ProductDetail.h; sourceTree = "<group>"; };
		47FE901715AE715D006D0D99 /* ProductDetail.m */ = {isa = PBXFileReference; fileEncoding = 4; lastKnownFileType = sourcecode.c.objc; name = ProductDetail.m; path = DataAccess/ProductDetail/ProductDetail.m; sourceTree = "<group>"; };
		5F0BA7DC15ADAE5800993239 /* Me2U.app */ = {isa = PBXFileReference; explicitFileType = wrapper.application; includeInIndex = 0; path = Me2U.app; sourceTree = BUILT_PRODUCTS_DIR; };
		5F0BA7E015ADAE5800993239 /* UIKit.framework */ = {isa = PBXFileReference; lastKnownFileType = wrapper.framework; name = UIKit.framework; path = System/Library/Frameworks/UIKit.framework; sourceTree = SDKROOT; };
		5F0BA7E215ADAE5800993239 /* Foundation.framework */ = {isa = PBXFileReference; lastKnownFileType = wrapper.framework; name = Foundation.framework; path = System/Library/Frameworks/Foundation.framework; sourceTree = SDKROOT; };
		5F0BA7E415ADAE5800993239 /* CoreGraphics.framework */ = {isa = PBXFileReference; lastKnownFileType = wrapper.framework; name = CoreGraphics.framework; path = System/Library/Frameworks/CoreGraphics.framework; sourceTree = SDKROOT; };
		5F0BA7E615ADAE5800993239 /* CoreData.framework */ = {isa = PBXFileReference; lastKnownFileType = wrapper.framework; name = CoreData.framework; path = System/Library/Frameworks/CoreData.framework; sourceTree = SDKROOT; };
		5F0BA7EA15ADAE5800993239 /* Me2U-Info.plist */ = {isa = PBXFileReference; lastKnownFileType = text.plist.xml; path = "Me2U-Info.plist"; sourceTree = "<group>"; };
		5F0BA7EC15ADAE5800993239 /* en */ = {isa = PBXFileReference; lastKnownFileType = text.plist.strings; name = en; path = en.lproj/InfoPlist.strings; sourceTree = "<group>"; };
		5F0BA7EE15ADAE5800993239 /* main.m */ = {isa = PBXFileReference; lastKnownFileType = sourcecode.c.objc; path = main.m; sourceTree = "<group>"; };
		5F0BA7F015ADAE5800993239 /* Me2U-Prefix.pch */ = {isa = PBXFileReference; lastKnownFileType = sourcecode.c.h; path = "Me2U-Prefix.pch"; sourceTree = "<group>"; };
		5F0BA7F115ADAE5800993239 /* AppDelegate.h */ = {isa = PBXFileReference; lastKnownFileType = sourcecode.c.h; path = AppDelegate.h; sourceTree = "<group>"; };
		5F0BA7F215ADAE5800993239 /* AppDelegate.m */ = {isa = PBXFileReference; lastKnownFileType = sourcecode.c.objc; path = AppDelegate.m; sourceTree = "<group>"; };
		5F0BA7F515ADAE5800993239 /* Me2U.xcdatamodel */ = {isa = PBXFileReference; lastKnownFileType = wrapper.xcdatamodel; path = Me2U.xcdatamodel; sourceTree = "<group>"; };
		5F0BA80815ADB25900993239 /* splash.png */ = {isa = PBXFileReference; lastKnownFileType = image.png; name = splash.png; path = images/splash.png; sourceTree = SOURCE_ROOT; };
		5F0BA80915ADB25900993239 /* splash@2x.png */ = {isa = PBXFileReference; lastKnownFileType = image.png; name = "splash@2x.png"; path = "images/splash@2x.png"; sourceTree = SOURCE_ROOT; };
		5F0BA80C15ADB31000993239 /* SplashScreenCtrl.h */ = {isa = PBXFileReference; fileEncoding = 4; lastKnownFileType = sourcecode.c.h; path = SplashScreenCtrl.h; sourceTree = "<group>"; };
		5F0BA80D15ADB31000993239 /* SplashScreenCtrl.m */ = {isa = PBXFileReference; fileEncoding = 4; lastKnownFileType = sourcecode.c.objc; path = SplashScreenCtrl.m; sourceTree = "<group>"; };
		5F0BA80E15ADB31000993239 /* SplashScreenCtrl.xib */ = {isa = PBXFileReference; fileEncoding = 4; lastKnownFileType = file.xib; path = SplashScreenCtrl.xib; sourceTree = "<group>"; };
		5F0BA81515ADB99600993239 /* homeBkg.png */ = {isa = PBXFileReference; lastKnownFileType = image.png; name = homeBkg.png; path = images/homeBkg.png; sourceTree = SOURCE_ROOT; };
		5F0BA81615ADB99600993239 /* homeBkg@2x.png */ = {isa = PBXFileReference; lastKnownFileType = image.png; name = "homeBkg@2x.png"; path = "images/homeBkg@2x.png"; sourceTree = SOURCE_ROOT; };
		5F0BA81A15ADB9B400993239 /* HomeScreenCtrl.h */ = {isa = PBXFileReference; fileEncoding = 4; lastKnownFileType = sourcecode.c.h; path = HomeScreenCtrl.h; sourceTree = "<group>"; };
		5F0BA81B15ADB9B400993239 /* HomeScreenCtrl.m */ = {isa = PBXFileReference; fileEncoding = 4; lastKnownFileType = sourcecode.c.objc; path = HomeScreenCtrl.m; sourceTree = "<group>"; };
		5F0BA81C15ADB9B400993239 /* HomeScreenCtrl.xib */ = {isa = PBXFileReference; fileEncoding = 4; lastKnownFileType = file.xib; path = HomeScreenCtrl.xib; sourceTree = "<group>"; };
		5F0BA81F15ADBC1C00993239 /* homeLogo.png */ = {isa = PBXFileReference; lastKnownFileType = image.png; name = homeLogo.png; path = images/homeLogo.png; sourceTree = SOURCE_ROOT; };
		5F0BA82015ADBC1C00993239 /* homeLogo@2x.png */ = {isa = PBXFileReference; lastKnownFileType = image.png; name = "homeLogo@2x.png"; path = "images/homeLogo@2x.png"; sourceTree = SOURCE_ROOT; };
		5F0BA82315ADBF6A00993239 /* categoryBounder.png */ = {isa = PBXFileReference; lastKnownFileType = image.png; name = categoryBounder.png; path = images/categoryBounder.png; sourceTree = SOURCE_ROOT; };
		5F0BA82415ADBF6A00993239 /* categoryBounder@2x.png */ = {isa = PBXFileReference; lastKnownFileType = image.png; name = "categoryBounder@2x.png"; path = "images/categoryBounder@2x.png"; sourceTree = SOURCE_ROOT; };
		5F0BA82715ADC24900993239 /* buttonBounder.png */ = {isa = PBXFileReference; lastKnownFileType = image.png; name = buttonBounder.png; path = images/buttonBounder.png; sourceTree = SOURCE_ROOT; };
		5F0BA82815ADC24900993239 /* buttonBounder@2x.png */ = {isa = PBXFileReference; lastKnownFileType = image.png; name = "buttonBounder@2x.png"; path = "images/buttonBounder@2x.png"; sourceTree = SOURCE_ROOT; };
		5F0BA82B15ADC86B00993239 /* clickOnCategory.png */ = {isa = PBXFileReference; lastKnownFileType = image.png; name = clickOnCategory.png; path = images/clickOnCategory.png; sourceTree = SOURCE_ROOT; };
		5F0BA82C15ADC86B00993239 /* clickOnCategory@2x.png */ = {isa = PBXFileReference; lastKnownFileType = image.png; name = "clickOnCategory@2x.png"; path = "images/clickOnCategory@2x.png"; sourceTree = SOURCE_ROOT; };
		5F0BA82F15ADCC5300993239 /* giftTypeTxt.png */ = {isa = PBXFileReference; lastKnownFileType = image.png; name = giftTypeTxt.png; path = images/giftTypeTxt.png; sourceTree = SOURCE_ROOT; };
		5F0BA83015ADCC5300993239 /* giftTypeTxt@2x.png */ = {isa = PBXFileReference; lastKnownFileType = image.png; name = "giftTypeTxt@2x.png"; path = "images/giftTypeTxt@2x.png"; sourceTree = SOURCE_ROOT; };
		5F0BA83115ADCC5400993239 /* priceRangeTxt.png */ = {isa = PBXFileReference; lastKnownFileType = image.png; name = priceRangeTxt.png; path = images/priceRangeTxt.png; sourceTree = SOURCE_ROOT; };
		5F0BA83215ADCC5400993239 /* priceRangeTxt@2x.png */ = {isa = PBXFileReference; lastKnownFileType = image.png; name = "priceRangeTxt@2x.png"; path = "images/priceRangeTxt@2x.png"; sourceTree = SOURCE_ROOT; };
		5F0BA83315ADCC5400993239 /* storeTxt.png */ = {isa = PBXFileReference; lastKnownFileType = image.png; name = storeTxt.png; path = images/storeTxt.png; sourceTree = SOURCE_ROOT; };
		5F0BA83415ADCC5400993239 /* storeTxt@2x.png */ = {isa = PBXFileReference; lastKnownFileType = image.png; name = "storeTxt@2x.png"; path = "images/storeTxt@2x.png"; sourceTree = SOURCE_ROOT; };
		5F0BA83C15ADE44A00993239 /* StoreScreenCtrl.h */ = {isa = PBXFileReference; fileEncoding = 4; lastKnownFileType = sourcecode.c.h; path = StoreScreenCtrl.h; sourceTree = "<group>"; };
		5F0BA83D15ADE44A00993239 /* StoreScreenCtrl.m */ = {isa = PBXFileReference; fileEncoding = 4; lastKnownFileType = sourcecode.c.objc; path = StoreScreenCtrl.m; sourceTree = "<group>"; };
		5F0BA83E15ADE44A00993239 /* StoreScreenCtrl.xib */ = {isa = PBXFileReference; fileEncoding = 4; lastKnownFileType = file.xib; path = StoreScreenCtrl.xib; sourceTree = "<group>"; };
		5F0BA84715ADECF200993239 /* cart.png */ = {isa = PBXFileReference; lastKnownFileType = image.png; name = cart.png; path = images/cart.png; sourceTree = SOURCE_ROOT; };
		5F0BA84815ADECF300993239 /* cart@2x.png */ = {isa = PBXFileReference; lastKnownFileType = image.png; name = "cart@2x.png"; path = "images/cart@2x.png"; sourceTree = SOURCE_ROOT; };
		5F0BA84915ADECF400993239 /* shopping.png */ = {isa = PBXFileReference; lastKnownFileType = image.png; name = shopping.png; path = images/shopping.png; sourceTree = SOURCE_ROOT; };
		5F0BA84A15ADECF500993239 /* shopping@2x.png */ = {isa = PBXFileReference; lastKnownFileType = image.png; name = "shopping@2x.png"; path = "images/shopping@2x.png"; sourceTree = SOURCE_ROOT; };
		5F0BA84F15ADEE4900993239 /* comingSoon.png */ = {isa = PBXFileReference; lastKnownFileType = image.png; name = comingSoon.png; path = images/comingSoon.png; sourceTree = SOURCE_ROOT; };
		5F0BA85215ADF0C200993239 /* ComingSoon.h */ = {isa = PBXFileReference; fileEncoding = 4; lastKnownFileType = sourcecode.c.h; path = ComingSoon.h; sourceTree = "<group>"; };
		5F0BA85315ADF0C200993239 /* ComingSoon.m */ = {isa = PBXFileReference; fileEncoding = 4; lastKnownFileType = sourcecode.c.objc; path = ComingSoon.m; sourceTree = "<group>"; };
		5F0BA85415ADF0C200993239 /* ComingSoon.xib */ = {isa = PBXFileReference; fileEncoding = 4; lastKnownFileType = file.xib; path = ComingSoon.xib; sourceTree = "<group>"; };
		5F0BA85715AE00E100993239 /* StoreCell.xib */ = {isa = PBXFileReference; fileEncoding = 4; lastKnownFileType = file.xib; path = StoreCell.xib; sourceTree = "<group>"; };
		5F0BA85915AE048900993239 /* StoreCell.h */ = {isa = PBXFileReference; fileEncoding = 4; lastKnownFileType = sourcecode.c.h; path = StoreCell.h; sourceTree = "<group>"; };
		5F0BA85A15AE048A00993239 /* StoreCell.m */ = {isa = PBXFileReference; fileEncoding = 4; lastKnownFileType = sourcecode.c.objc; path = StoreCell.m; sourceTree = "<group>"; };
		5F1CC53E15AE74F600F00286 /* DataAccessProcess.h */ = {isa = PBXFileReference; fileEncoding = 4; lastKnownFileType = sourcecode.c.h; path = DataAccessProcess.h; sourceTree = "<group>"; };
		5F1CC53F15AE74F600F00286 /* DataAccessProcess.m */ = {isa = PBXFileReference; fileEncoding = 4; lastKnownFileType = sourcecode.c.objc; path = DataAccessProcess.m; sourceTree = "<group>"; };
		5F1CC54615AE756200F00286 /* define.h */ = {isa = PBXFileReference; fileEncoding = 4; lastKnownFileType = sourcecode.c.h; path = define.h; sourceTree = "<group>"; };
		5F1CC54815AE75FF00F00286 /* Global.h */ = {isa = PBXFileReference; fileEncoding = 4; lastKnownFileType = sourcecode.c.h; path = Global.h; sourceTree = "<group>"; };
		5F1CC54915AE75FF00F00286 /* Global.mm */ = {isa = PBXFileReference; fileEncoding = 4; lastKnownFileType = sourcecode.cpp.objcpp; path = Global.mm; sourceTree = "<group>"; };
		5F1CC55315AE7A2000F00286 /* StoreTableViewCtrl.h */ = {isa = PBXFileReference; fileEncoding = 4; lastKnownFileType = sourcecode.c.h; path = StoreTableViewCtrl.h; sourceTree = "<group>"; };
		5F1CC55415AE7A2000F00286 /* StoreTableViewCtrl.m */ = {isa = PBXFileReference; fileEncoding = 4; lastKnownFileType = sourcecode.c.objc; path = StoreTableViewCtrl.m; sourceTree = "<group>"; };
		5F1CC55515AE7A2000F00286 /* StoreTableViewCtrl.xib */ = {isa = PBXFileReference; fileEncoding = 4; lastKnownFileType = file.xib; path = StoreTableViewCtrl.xib; sourceTree = "<group>"; };
		5F1CC55915AE7FD400F00286 /* flower01.jpeg */ = {isa = PBXFileReference; lastKnownFileType = image.jpeg; name = flower01.jpeg; path = images/flower01.jpeg; sourceTree = SOURCE_ROOT; };
		5F1CC55A15AE7FD400F00286 /* flower02.jpeg */ = {isa = PBXFileReference; lastKnownFileType = image.jpeg; name = flower02.jpeg; path = images/flower02.jpeg; sourceTree = SOURCE_ROOT; };
		5F1CC55B15AE7FD400F00286 /* flower03.jpeg */ = {isa = PBXFileReference; lastKnownFileType = image.jpeg; name = flower03.jpeg; path = images/flower03.jpeg; sourceTree = SOURCE_ROOT; };
		5F1CC55C15AE7FD400F00286 /* flower04.jpeg */ = {isa = PBXFileReference; lastKnownFileType = image.jpeg; name = flower04.jpeg; path = images/flower04.jpeg; sourceTree = SOURCE_ROOT; };
		5F1CC55D15AE7FD400F00286 /* flower05.jpeg */ = {isa = PBXFileReference; lastKnownFileType = image.jpeg; name = flower05.jpeg; path = images/flower05.jpeg; sourceTree = SOURCE_ROOT; };
/* End PBXFileReference section */

/* Begin PBXFrameworksBuildPhase section */
		5F0BA7D915ADAE5800993239 /* Frameworks */ = {
			isa = PBXFrameworksBuildPhase;
			buildActionMask = 2147483647;
			files = (
				5F0BA7E115ADAE5800993239 /* UIKit.framework in Frameworks */,
				5F0BA7E315ADAE5800993239 /* Foundation.framework in Frameworks */,
				5F0BA7E515ADAE5800993239 /* CoreGraphics.framework in Frameworks */,
				5F0BA7E715ADAE5800993239 /* CoreData.framework in Frameworks */,
			);
			runOnlyForDeploymentPostprocessing = 0;
		};
/* End PBXFrameworksBuildPhase section */

/* Begin PBXGroup section */
		47FE901115AE704E006D0D99 /* ProductDetail */ = {
			isa = PBXGroup;
			children = (
				47FE901615AE715D006D0D99 /* ProductDetail.h */,
				47FE901715AE715D006D0D99 /* ProductDetail.m */,
			);
			name = ProductDetail;
			sourceTree = "<group>";
		};
		5F0BA7D115ADAE5700993239 = {
			isa = PBXGroup;
			children = (
				5F0BA7E815ADAE5800993239 /* Me2U */,
				5F0BA7DF15ADAE5800993239 /* Frameworks */,
				5F0BA7DD15ADAE5800993239 /* Products */,
			);
			sourceTree = "<group>";
		};
		5F0BA7DD15ADAE5800993239 /* Products */ = {
			isa = PBXGroup;
			children = (
				5F0BA7DC15ADAE5800993239 /* Me2U.app */,
			);
			name = Products;
			sourceTree = "<group>";
		};
		5F0BA7DF15ADAE5800993239 /* Frameworks */ = {
			isa = PBXGroup;
			children = (
				5F0BA7E015ADAE5800993239 /* UIKit.framework */,
				5F0BA7E215ADAE5800993239 /* Foundation.framework */,
				5F0BA7E415ADAE5800993239 /* CoreGraphics.framework */,
				5F0BA7E615ADAE5800993239 /* CoreData.framework */,
			);
			name = Frameworks;
			sourceTree = "<group>";
		};
		5F0BA7E815ADAE5800993239 /* Me2U */ = {
			isa = PBXGroup;
			children = (
				5F1CC54515AE753F00F00286 /* Common */,
				5F0BA80215ADAF5800993239 /* images */,
				5F0BA7FF15ADAEC000993239 /* WebServiceProcess */,
				5F0BA7FE15ADAEAD00993239 /* DataAccess */,
				5F0BA7FD15ADAE9A00993239 /* GUI */,
				5F0BA7F115ADAE5800993239 /* AppDelegate.h */,
				5F0BA7F215ADAE5800993239 /* AppDelegate.m */,
				5F0BA7F415ADAE5800993239 /* Me2U.xcdatamodeld */,
				5F0BA7E915ADAE5800993239 /* Supporting Files */,
			);
			path = Me2U;
			sourceTree = "<group>";
		};
		5F0BA7E915ADAE5800993239 /* Supporting Files */ = {
			isa = PBXGroup;
			children = (
				5F0BA7EA15ADAE5800993239 /* Me2U-Info.plist */,
				5F0BA7EB15ADAE5800993239 /* InfoPlist.strings */,
				5F0BA7EE15ADAE5800993239 /* main.m */,
				5F0BA7F015ADAE5800993239 /* Me2U-Prefix.pch */,
			);
			name = "Supporting Files";
			sourceTree = "<group>";
		};
		5F0BA7FD15ADAE9A00993239 /* GUI */ = {
			isa = PBXGroup;
			children = (
				5F0BA85115ADF0A700993239 /* ComingSoon */,
				5F0BA83B15ADE42C00993239 /* StoreScreen */,
				5F0BA81915ADB99B00993239 /* HomeScreen */,
				5F0BA80315ADB07E00993239 /* SplashScreen */,
			);
			name = GUI;
			sourceTree = "<group>";
		};
		5F0BA7FE15ADAEAD00993239 /* DataAccess */ = {
			isa = PBXGroup;
			children = (
				5F1CC53C15AE74D600F00286 /* DataAccessProcess */,
				47FE901115AE704E006D0D99 /* ProductDetail */,
			);
			name = DataAccess;
			sourceTree = "<group>";
		};
		5F0BA7FF15ADAEC000993239 /* WebServiceProcess */ = {
			isa = PBXGroup;
			children = (
			);
			name = WebServiceProcess;
			sourceTree = "<group>";
		};
		5F0BA80215ADAF5800993239 /* images */ = {
			isa = PBXGroup;
			children = (
				5F1CC55815AE7C2000F00286 /* ProductImages */,
				5F0BA84F15ADEE4900993239 /* comingSoon.png */,
				5F0BA84715ADECF200993239 /* cart.png */,
				5F0BA84815ADECF300993239 /* cart@2x.png */,
				5F0BA84915ADECF400993239 /* shopping.png */,
				5F0BA84A15ADECF500993239 /* shopping@2x.png */,
				5F0BA82F15ADCC5300993239 /* giftTypeTxt.png */,
				5F0BA83015ADCC5300993239 /* giftTypeTxt@2x.png */,
				5F0BA83115ADCC5400993239 /* priceRangeTxt.png */,
				5F0BA83215ADCC5400993239 /* priceRangeTxt@2x.png */,
				5F0BA83315ADCC5400993239 /* storeTxt.png */,
				5F0BA83415ADCC5400993239 /* storeTxt@2x.png */,
				5F0BA82B15ADC86B00993239 /* clickOnCategory.png */,
				5F0BA82C15ADC86B00993239 /* clickOnCategory@2x.png */,
				5F0BA82715ADC24900993239 /* buttonBounder.png */,
				5F0BA82815ADC24900993239 /* buttonBounder@2x.png */,
				5F0BA82315ADBF6A00993239 /* categoryBounder.png */,
				5F0BA82415ADBF6A00993239 /* categoryBounder@2x.png */,
				5F0BA81F15ADBC1C00993239 /* homeLogo.png */,
				5F0BA82015ADBC1C00993239 /* homeLogo@2x.png */,
				5F0BA81515ADB99600993239 /* homeBkg.png */,
				5F0BA81615ADB99600993239 /* homeBkg@2x.png */,
				5F0BA80815ADB25900993239 /* splash.png */,
				5F0BA80915ADB25900993239 /* splash@2x.png */,
			);
			name = images;
			sourceTree = "<group>";
		};
		5F0BA80315ADB07E00993239 /* SplashScreen */ = {
			isa = PBXGroup;
			children = (
				5F0BA80C15ADB31000993239 /* SplashScreenCtrl.h */,
				5F0BA80D15ADB31000993239 /* SplashScreenCtrl.m */,
				5F0BA80E15ADB31000993239 /* SplashScreenCtrl.xib */,
			);
			name = SplashScreen;
			sourceTree = "<group>";
		};
		5F0BA81915ADB99B00993239 /* HomeScreen */ = {
			isa = PBXGroup;
			children = (
				5F0BA81A15ADB9B400993239 /* HomeScreenCtrl.h */,
				5F0BA81B15ADB9B400993239 /* HomeScreenCtrl.m */,
				5F0BA81C15ADB9B400993239 /* HomeScreenCtrl.xib */,
			);
			name = HomeScreen;
			sourceTree = "<group>";
		};
		5F0BA83B15ADE42C00993239 /* StoreScreen */ = {
			isa = PBXGroup;
			children = (
				5F0BA85715AE00E100993239 /* StoreCell.xib */,
				5F0BA85915AE048900993239 /* StoreCell.h */,
				5F0BA85A15AE048A00993239 /* StoreCell.m */,
				5F0BA83C15ADE44A00993239 /* StoreScreenCtrl.h */,
				5F0BA83D15ADE44A00993239 /* StoreScreenCtrl.m */,
				5F0BA83E15ADE44A00993239 /* StoreScreenCtrl.xib */,
				5F1CC55315AE7A2000F00286 /* StoreTableViewCtrl.h */,
				5F1CC55415AE7A2000F00286 /* StoreTableViewCtrl.m */,
				5F1CC55515AE7A2000F00286 /* StoreTableViewCtrl.xib */,
			);
			name = StoreScreen;
			sourceTree = "<group>";
		};
		5F0BA85115ADF0A700993239 /* ComingSoon */ = {
			isa = PBXGroup;
			children = (
				5F0BA85215ADF0C200993239 /* ComingSoon.h */,
				5F0BA85315ADF0C200993239 /* ComingSoon.m */,
				5F0BA85415ADF0C200993239 /* ComingSoon.xib */,
			);
			name = ComingSoon;
			sourceTree = "<group>";
		};
		5F1CC53C15AE74D600F00286 /* DataAccessProcess */ = {
			isa = PBXGroup;
			children = (
				5F1CC53E15AE74F600F00286 /* DataAccessProcess.h */,
				5F1CC53F15AE74F600F00286 /* DataAccessProcess.m */,
			);
			name = DataAccessProcess;
			sourceTree = "<group>";
		};
		5F1CC54515AE753F00F00286 /* Common */ = {
			isa = PBXGroup;
			children = (
				5F1CC54615AE756200F00286 /* define.h */,
				5F1CC54815AE75FF00F00286 /* Global.h */,
				5F1CC54915AE75FF00F00286 /* Global.mm */,
			);
			name = Common;
			sourceTree = "<group>";
		};
		5F1CC55815AE7C2000F00286 /* ProductImages */ = {
			isa = PBXGroup;
			children = (
				5F1CC55915AE7FD400F00286 /* flower01.jpeg */,
				5F1CC55A15AE7FD400F00286 /* flower02.jpeg */,
				5F1CC55B15AE7FD400F00286 /* flower03.jpeg */,
				5F1CC55C15AE7FD400F00286 /* flower04.jpeg */,
				5F1CC55D15AE7FD400F00286 /* flower05.jpeg */,
			);
			name = ProductImages;
			sourceTree = "<group>";
		};
/* End PBXGroup section */

/* Begin PBXNativeTarget section */
		5F0BA7DB15ADAE5800993239 /* Me2U */ = {
			isa = PBXNativeTarget;
			buildConfigurationList = 5F0BA7F915ADAE5800993239 /* Build configuration list for PBXNativeTarget "Me2U" */;
			buildPhases = (
				5F0BA7D815ADAE5800993239 /* Sources */,
				5F0BA7D915ADAE5800993239 /* Frameworks */,
				5F0BA7DA15ADAE5800993239 /* Resources */,
			);
			buildRules = (
			);
			dependencies = (
			);
			name = Me2U;
			productName = Me2U;
			productReference = 5F0BA7DC15ADAE5800993239 /* Me2U.app */;
			productType = "com.apple.product-type.application";
		};
/* End PBXNativeTarget section */

/* Begin PBXProject section */
		5F0BA7D315ADAE5700993239 /* Project object */ = {
			isa = PBXProject;
			attributes = {
				LastUpgradeCheck = 0420;
			};
			buildConfigurationList = 5F0BA7D615ADAE5700993239 /* Build configuration list for PBXProject "Me2U" */;
			compatibilityVersion = "Xcode 3.2";
			developmentRegion = English;
			hasScannedForEncodings = 0;
			knownRegions = (
				en,
			);
			mainGroup = 5F0BA7D115ADAE5700993239;
			productRefGroup = 5F0BA7DD15ADAE5800993239 /* Products */;
			projectDirPath = "";
			projectRoot = "";
			targets = (
				5F0BA7DB15ADAE5800993239 /* Me2U */,
			);
		};
/* End PBXProject section */

/* Begin PBXResourcesBuildPhase section */
		5F0BA7DA15ADAE5800993239 /* Resources */ = {
			isa = PBXResourcesBuildPhase;
			buildActionMask = 2147483647;
			files = (
				5F0BA7ED15ADAE5800993239 /* InfoPlist.strings in Resources */,
				5F0BA80A15ADB25900993239 /* splash.png in Resources */,
				5F0BA80B15ADB25900993239 /* splash@2x.png in Resources */,
				5F0BA81015ADB31000993239 /* SplashScreenCtrl.xib in Resources */,
				5F0BA81715ADB99600993239 /* homeBkg.png in Resources */,
				5F0BA81815ADB99600993239 /* homeBkg@2x.png in Resources */,
				5F0BA81E15ADB9B400993239 /* HomeScreenCtrl.xib in Resources */,
				5F0BA82115ADBC1C00993239 /* homeLogo.png in Resources */,
				5F0BA82215ADBC1C00993239 /* homeLogo@2x.png in Resources */,
				5F0BA82515ADBF6A00993239 /* categoryBounder.png in Resources */,
				5F0BA82615ADBF6A00993239 /* categoryBounder@2x.png in Resources */,
				5F0BA82915ADC24900993239 /* buttonBounder.png in Resources */,
				5F0BA82A15ADC24900993239 /* buttonBounder@2x.png in Resources */,
				5F0BA82D15ADC86B00993239 /* clickOnCategory.png in Resources */,
				5F0BA82E15ADC86B00993239 /* clickOnCategory@2x.png in Resources */,
				5F0BA83515ADCC5400993239 /* giftTypeTxt.png in Resources */,
				5F0BA83615ADCC5400993239 /* giftTypeTxt@2x.png in Resources */,
				5F0BA83715ADCC5400993239 /* priceRangeTxt.png in Resources */,
				5F0BA83815ADCC5400993239 /* priceRangeTxt@2x.png in Resources */,
				5F0BA83915ADCC5400993239 /* storeTxt.png in Resources */,
				5F0BA83A15ADCC5400993239 /* storeTxt@2x.png in Resources */,
				5F0BA84015ADE44A00993239 /* StoreScreenCtrl.xib in Resources */,
				5F0BA84B15ADECF600993239 /* cart.png in Resources */,
				5F0BA84C15ADECF600993239 /* cart@2x.png in Resources */,
				5F0BA84D15ADECF600993239 /* shopping.png in Resources */,
				5F0BA84E15ADECF600993239 /* shopping@2x.png in Resources */,
				5F0BA85015ADEE4900993239 /* comingSoon.png in Resources */,
				5F0BA85615ADF0C200993239 /* ComingSoon.xib in Resources */,
				5F0BA85815AE00E200993239 /* StoreCell.xib in Resources */,
				5F1CC55715AE7A2000F00286 /* StoreTableViewCtrl.xib in Resources */,
				5F1CC55E15AE7FD400F00286 /* flower01.jpeg in Resources */,
				5F1CC55F15AE7FD400F00286 /* flower02.jpeg in Resources */,
				5F1CC56015AE7FD400F00286 /* flower03.jpeg in Resources */,
				5F1CC56115AE7FD400F00286 /* flower04.jpeg in Resources */,
				5F1CC56215AE7FD400F00286 /* flower05.jpeg in Resources */,
			);
			runOnlyForDeploymentPostprocessing = 0;
		};
/* End PBXResourcesBuildPhase section */

/* Begin PBXSourcesBuildPhase section */
		5F0BA7D815ADAE5800993239 /* Sources */ = {
			isa = PBXSourcesBuildPhase;
			buildActionMask = 2147483647;
			files = (
				5F0BA7EF15ADAE5800993239 /* main.m in Sources */,
				5F0BA7F315ADAE5800993239 /* AppDelegate.m in Sources */,
				5F0BA7F615ADAE5800993239 /* Me2U.xcdatamodeld in Sources */,
				5F0BA80F15ADB31000993239 /* SplashScreenCtrl.m in Sources */,
				5F0BA81D15ADB9B400993239 /* HomeScreenCtrl.m in Sources */,
				5F0BA83F15ADE44A00993239 /* StoreScreenCtrl.m in Sources */,
				5F0BA85515ADF0C200993239 /* ComingSoon.m in Sources */,
				5F0BA85B15AE048A00993239 /* StoreCell.m in Sources */,
				47FE901815AE715D006D0D99 /* ProductDetail.m in Sources */,
				5F1CC54015AE74F600F00286 /* DataAccessProcess.m in Sources */,
				5F1CC54A15AE75FF00F00286 /* Global.mm in Sources */,
				5F1CC55615AE7A2000F00286 /* StoreTableViewCtrl.m in Sources */,
			);
			runOnlyForDeploymentPostprocessing = 0;
		};
/* End PBXSourcesBuildPhase section */

/* Begin PBXVariantGroup section */
		5F0BA7EB15ADAE5800993239 /* InfoPlist.strings */ = {
			isa = PBXVariantGroup;
			children = (
				5F0BA7EC15ADAE5800993239 /* en */,
			);
			name = InfoPlist.strings;
			sourceTree = "<group>";
		};
/* End PBXVariantGroup section */

/* Begin XCBuildConfiguration section */
		5F0BA7F715ADAE5800993239 /* Debug */ = {
			isa = XCBuildConfiguration;
			buildSettings = {
				ALWAYS_SEARCH_USER_PATHS = NO;
				ARCHS = "$(ARCHS_STANDARD_32_BIT)";
				"CODE_SIGN_IDENTITY[sdk=iphoneos*]" = "iPhone Developer";
				COPY_PHASE_STRIP = NO;
				GCC_C_LANGUAGE_STANDARD = gnu99;
				GCC_DYNAMIC_NO_PIC = NO;
				GCC_OPTIMIZATION_LEVEL = 0;
				GCC_PREPROCESSOR_DEFINITIONS = (
					"DEBUG=1",
					"$(inherited)",
				);
				GCC_SYMBOLS_PRIVATE_EXTERN = NO;
				GCC_VERSION = com.apple.compilers.llvm.clang.1_0;
				GCC_WARN_ABOUT_MISSING_PROTOTYPES = YES;
				GCC_WARN_ABOUT_RETURN_TYPE = YES;
				GCC_WARN_UNUSED_VARIABLE = YES;
				IPHONEOS_DEPLOYMENT_TARGET = 5.0;
				SDKROOT = iphoneos;
				TARGETED_DEVICE_FAMILY = "1,2";
			};
			name = Debug;
		};
		5F0BA7F815ADAE5800993239 /* Release */ = {
			isa = XCBuildConfiguration;
			buildSettings = {
				ALWAYS_SEARCH_USER_PATHS = NO;
				ARCHS = "$(ARCHS_STANDARD_32_BIT)";
				"CODE_SIGN_IDENTITY[sdk=iphoneos*]" = "iPhone Developer";
				COPY_PHASE_STRIP = YES;
				GCC_C_LANGUAGE_STANDARD = gnu99;
				GCC_VERSION = com.apple.compilers.llvm.clang.1_0;
				GCC_WARN_ABOUT_MISSING_PROTOTYPES = YES;
				GCC_WARN_ABOUT_RETURN_TYPE = YES;
				GCC_WARN_UNUSED_VARIABLE = YES;
				IPHONEOS_DEPLOYMENT_TARGET = 5.0;
				OTHER_CFLAGS = "-DNS_BLOCK_ASSERTIONS=1";
				SDKROOT = iphoneos;
				TARGETED_DEVICE_FAMILY = "1,2";
				VALIDATE_PRODUCT = YES;
			};
			name = Release;
		};
		5F0BA7FA15ADAE5800993239 /* Debug */ = {
			isa = XCBuildConfiguration;
			buildSettings = {
				GCC_PRECOMPILE_PREFIX_HEADER = YES;
				GCC_PREFIX_HEADER = "Me2U/Me2U-Prefix.pch";
				INFOPLIST_FILE = "Me2U/Me2U-Info.plist";
				PRODUCT_NAME = "$(TARGET_NAME)";
				WRAPPER_EXTENSION = app;
			};
			name = Debug;
		};
		5F0BA7FB15ADAE5800993239 /* Release */ = {
			isa = XCBuildConfiguration;
			buildSettings = {
				GCC_PRECOMPILE_PREFIX_HEADER = YES;
				GCC_PREFIX_HEADER = "Me2U/Me2U-Prefix.pch";
				INFOPLIST_FILE = "Me2U/Me2U-Info.plist";
				PRODUCT_NAME = "$(TARGET_NAME)";
				WRAPPER_EXTENSION = app;
			};
			name = Release;
		};
/* End XCBuildConfiguration section */

/* Begin XCConfigurationList section */
		5F0BA7D615ADAE5700993239 /* Build configuration list for PBXProject "Me2U" */ = {
			isa = XCConfigurationList;
			buildConfigurations = (
				5F0BA7F715ADAE5800993239 /* Debug */,
				5F0BA7F815ADAE5800993239 /* Release */,
			);
			defaultConfigurationIsVisible = 0;
			defaultConfigurationName = Release;
		};
		5F0BA7F915ADAE5800993239 /* Build configuration list for PBXNativeTarget "Me2U" */ = {
			isa = XCConfigurationList;
			buildConfigurations = (
				5F0BA7FA15ADAE5800993239 /* Debug */,
				5F0BA7FB15ADAE5800993239 /* Release */,
			);
			defaultConfigurationIsVisible = 0;
			defaultConfigurationName = Release;
		};
/* End XCConfigurationList section */

/* Begin XCVersionGroup section */
		5F0BA7F415ADAE5800993239 /* Me2U.xcdatamodeld */ = {
			isa = XCVersionGroup;
			children = (
				5F0BA7F515ADAE5800993239 /* Me2U.xcdatamodel */,
			);
			currentVersion = 5F0BA7F515ADAE5800993239 /* Me2U.xcdatamodel */;
			path = Me2U.xcdatamodeld;
			sourceTree = "<group>";
			versionGroupType = wrapper.xcdatamodel;
		};
/* End XCVersionGroup section */
	};
	rootObject = 5F0BA7D315ADAE5700993239 /* Project object */;
}
